{
  "nodes": {
    "devenv": {
      "locked": {
        "dir": "src/modules",
        "lastModified": 1790701375,
        "narHash": "sha256-0FpLHIRDYiyo3EMTnMQSobZQknZaa3JuWo6vmMCK76o=",
        "owner": "cachix",
        "repo": "devenv",
        "rev": "fe20b5cba7ab5e93ae73f956a8d3efc50e1753f4",
        "type": "github"
      },
      "original": {
        "dir": "src/modules",
        "owner": "cachix",
        "repo": "devenv",
        "type": "github"
      }
    },
    "nixpkgs": {
      "locked": {
        "path": "/nix/store/5wwvz80gd6v1z981bsrvr7c1vhkyc3as-source",
        "type": "path"
      },
      "original": {
        "path": "/nix/store/5wwvz80gd6v1z981bsrvr7c1vhkyc3as-source",
        "type": "path"
      }
    },
    "root": {
      "inputs": {
        "devenv": "devenv",
        "nixpkgs": "nixpkgs"
      }
    }
  },
  "root": "root",
  "version": 7
}